<?xml version="1.0" encoding="utf-8"?>
<Project ToolsVersion="16.0" xmlns="http://schemas.microsoft.com/developer/msbuild/2003">
  <ItemGroup>
    <CustomBuild Include="C:\Users\fmusi\sae\platformer\CMakeFiles\fa802c1841eb6b845dcfa1c48f22207a\wall.jpg.rule">
      <Filter>CMake Rules</Filter>
    </CustomBuild>
    <CustomBuild Include="C:\Users\fmusi\sae\platformer\CMakeFiles\605381b9ff391b01c0a3ed5a1e7b4fe5\DataTarget.rule">
      <Filter>CMake Rules</Filter>
    </CustomBuild>
    <CustomBuild Include="C:\Users\fmusi\sae\platformer\CMakeLists.txt" />
  </ItemGroup>
  <ItemGroup>
    <None Include="C:\Users\fmusi\sae\platformer\CMakeFiles\DataTarget" />
  </ItemGroup>
  <ItemGroup>
    <Filter Include="CMake Rules">
      <UniqueIdentifier>{A9C82268-8D45-34F6-9BFD-5E6C7CF365F8}</UniqueIdentifier>
    </Filter>
  </ItemGroup>
</Project>
